
Microsoft Visual Studio Solution File, Format Version 12.00
# Visual Studio 15
VisualStudioVersion = 15.0.28307.902
MinimumVisualStudioVersion = 10.0.40219.1
Project("{FAE04EC0-301F-11D3-BF4B-00C04F79EFBC}") = "LyLichGiangVien", "LyLichGiangVien\LyLichGiangVien.csproj", "{67D26F41-3C2F-45AE-B1D3-8F82FC8F375B}"
EndProject
Global
	GlobalSection(SolutionConfigurationPlatforms) = preSolution
		Debug|Any CPU = Debug|Any CPU
		Release|Any CPU = Release|Any CPU
	EndGlobalSection
	GlobalSection(ProjectConfigurationPlatforms) = postSolution
		{67D26F41-3C2F-45AE-B1D3-8F82FC8F375B}.Debug|Any CPU.ActiveCfg = Debug|Any CPU
		{67D26F41-3C2F-45AE-B1D3-8F82FC8F375B}.Debug|Any CPU.Build.0 = Debug|Any CPU
		{67D26F41-3C2F-45AE-B1D3-8F82FC8F375B}.Release|Any CPU.ActiveCfg = Release|Any CPU
		{67D26F41-3C2F-45AE-B1D3-8F82FC8F375B}.Release|Any CPU.Build.0 = Release|Any CPU
	EndGlobalSection
	GlobalSection(SolutionProperties) = preSolution
		HideSolutionNode = FALSE
	EndGlobalSection
	GlobalSection(ExtensibilityGlobals) = postSolution
		SolutionGuid = {E288E409-C4DE-4580-8AD4-481BD5A1B908}
	EndGlobalSection
EndGlobal
